
Microsoft Visual Studio Solution File, Format Version 12.00
# Visual Studio Version 16
VisualStudioVersion = 16.0.30011.22
MinimumVisualStudioVersion = 10.0.40219.1
Project("{9A19103F-16F7-4668-BE54-9A1E7A4F7556}") = "awskinesis.publisher", "src\awskinesis.publisher\awskinesis.publisher.csproj", "{2D91140B-4AD0-4657-933F-687B268D4140}"
EndProject
Project("{9A19103F-16F7-4668-BE54-9A1E7A4F7556}") = "awskinesis.consumer", "src\awskinesis.consumer\awskinesis.consumer.csproj", "{4E162A56-8C89-4AED-8B55-ECA4D541C441}"
EndProject
Project("{9A19103F-16F7-4668-BE54-9A1E7A4F7556}") = "awskinesis.shared", "src\awskinesis.shared\awskinesis.shared.csproj", "{F961A4A2-FD94-4C9F-8088-4070D0F87C8B}"
EndProject
Project("{9A19103F-16F7-4668-BE54-9A1E7A4F7556}") = "AwsKinesis.IntegrationTests", "test\AwsKinesis.IntegrationTests\AwsKinesis.IntegrationTests.csproj", "{7474FF0D-0F81-4D12-B849-BAC293D10D07}"
EndProject
Project("{2150E333-8FDC-42A3-9474-1A3956D46DE8}") = "Library", "Library", "{BFD7AC99-5330-4C81-B3AA-24A248E2CC2D}"
EndProject
Project("{2150E333-8FDC-42A3-9474-1A3956D46DE8}") = "App", "App", "{FC08D29A-46F4-4E97-AFDB-342D9C45BA37}"
EndProject
Project("{9A19103F-16F7-4668-BE54-9A1E7A4F7556}") = "App.Api", "src\App.Api\App.Api.csproj", "{99068BC7-60C9-473A-BD1A-A7E7A674CB18}"
EndProject
Global
	GlobalSection(SolutionConfigurationPlatforms) = preSolution
		Debug|Any CPU = Debug|Any CPU
		Release|Any CPU = Release|Any CPU
	EndGlobalSection
	GlobalSection(ProjectConfigurationPlatforms) = postSolution
		{2D91140B-4AD0-4657-933F-687B268D4140}.Debug|Any CPU.ActiveCfg = Debug|Any CPU
		{2D91140B-4AD0-4657-933F-687B268D4140}.Debug|Any CPU.Build.0 = Debug|Any CPU
		{2D91140B-4AD0-4657-933F-687B268D4140}.Release|Any CPU.ActiveCfg = Release|Any CPU
		{2D91140B-4AD0-4657-933F-687B268D4140}.Release|Any CPU.Build.0 = Release|Any CPU
		{4E162A56-8C89-4AED-8B55-ECA4D541C441}.Debug|Any CPU.ActiveCfg = Debug|Any CPU
		{4E162A56-8C89-4AED-8B55-ECA4D541C441}.Debug|Any CPU.Build.0 = Debug|Any CPU
		{4E162A56-8C89-4AED-8B55-ECA4D541C441}.Release|Any CPU.ActiveCfg = Release|Any CPU
		{4E162A56-8C89-4AED-8B55-ECA4D541C441}.Release|Any CPU.Build.0 = Release|Any CPU
		{F961A4A2-FD94-4C9F-8088-4070D0F87C8B}.Debug|Any CPU.ActiveCfg = Debug|Any CPU
		{F961A4A2-FD94-4C9F-8088-4070D0F87C8B}.Debug|Any CPU.Build.0 = Debug|Any CPU
		{F961A4A2-FD94-4C9F-8088-4070D0F87C8B}.Release|Any CPU.ActiveCfg = Release|Any CPU
		{F961A4A2-FD94-4C9F-8088-4070D0F87C8B}.Release|Any CPU.Build.0 = Release|Any CPU
		{7474FF0D-0F81-4D12-B849-BAC293D10D07}.Debug|Any CPU.ActiveCfg = Debug|Any CPU
		{7474FF0D-0F81-4D12-B849-BAC293D10D07}.Debug|Any CPU.Build.0 = Debug|Any CPU
		{7474FF0D-0F81-4D12-B849-BAC293D10D07}.Release|Any CPU.ActiveCfg = Release|Any CPU
		{7474FF0D-0F81-4D12-B849-BAC293D10D07}.Release|Any CPU.Build.0 = Release|Any CPU
		{99068BC7-60C9-473A-BD1A-A7E7A674CB18}.Debug|Any CPU.ActiveCfg = Debug|Any CPU
		{99068BC7-60C9-473A-BD1A-A7E7A674CB18}.Debug|Any CPU.Build.0 = Debug|Any CPU
		{99068BC7-60C9-473A-BD1A-A7E7A674CB18}.Release|Any CPU.ActiveCfg = Release|Any CPU
		{99068BC7-60C9-473A-BD1A-A7E7A674CB18}.Release|Any CPU.Build.0 = Release|Any CPU
	EndGlobalSection
	GlobalSection(SolutionProperties) = preSolution
		HideSolutionNode = FALSE
	EndGlobalSection
	GlobalSection(NestedProjects) = preSolution
		{2D91140B-4AD0-4657-933F-687B268D4140} = {FC08D29A-46F4-4E97-AFDB-342D9C45BA37}
		{4E162A56-8C89-4AED-8B55-ECA4D541C441} = {FC08D29A-46F4-4E97-AFDB-342D9C45BA37}
		{F961A4A2-FD94-4C9F-8088-4070D0F87C8B} = {BFD7AC99-5330-4C81-B3AA-24A248E2CC2D}
		{99068BC7-60C9-473A-BD1A-A7E7A674CB18} = {FC08D29A-46F4-4E97-AFDB-342D9C45BA37}
	EndGlobalSection
	GlobalSection(ExtensibilityGlobals) = postSolution
		SolutionGuid = {0EFA524D-586A-4DC9-9B39-18DEE084112F}
	EndGlobalSection
EndGlobal
